{
  "name": "redux-1",
  "version": "1.0.0",
  "lockfileVersion": 3,
  "requires": true,
  "packages": {
    "": {
      "name": "redux-1",
      "version": "1.0.0",
      "license": "ISC",
      "dependencies": {
        "redux": "^5.0.1"
      },
      "devDependencies": {
        "domain-browser": "^5.7.0",
        "events": "^3.3.0",
        "os-browserify": "^0.3.0"
      }
    },
    "node_modules/domain-browser": {
      "version": "5.7.0",
      "resolved": "https://registry.npmjs.org/domain-browser/-/domain-browser-5.7.0.tgz",
      "integrity": "sha512-edTFu0M/7wO1pXY6GDxVNVW086uqwWYIHP98txhcPyV995X21JIH2DtYp33sQJOupYoXKe9RwTw2Ya2vWaquTQ==",
      "dev": true,
      "engines": {
        "node": ">=4"
      },
      "funding": {
        "url": "https://bevry.me/fund"
      }
    },
    "node_modules/events": {
      "version": "3.3.0",
      "resolved": "https://registry.npmjs.org/events/-/events-3.3.0.tgz",
      "integrity": "sha512-mQw+2fkQbALzQ7V0MY0IqdnXNOeTtP4r0lN9z7AAawCXgqea7bDii20AYrIBrFd/Hx0M2Ocz6S111CaFkUcb0Q==",
      "dev": true,
      "engines": {
        "node": ">=0.8.x"
      }
    },
    "node_modules/os-browserify": {
      "version": "0.3.0",
      "resolved": "https://registry.npmjs.org/os-browserify/-/os-browserify-0.3.0.tgz",
      "integrity": "sha512-gjcpUc3clBf9+210TRaDWbf+rZZZEshZ+DlXMRCeAjp0xhTrnQsKHypIy1J3d5hKdUzj69t708EHtU8P6bUn0A==",
      "dev": true
    },
    "node_modules/redux": {
      "version": "5.0.1",
      "resolved": "https://registry.npmjs.org/redux/-/redux-5.0.1.tgz",
      "integrity": "sha512-M9/ELqF6fy8FwmkpnF0S3YKOqMyoWJ4+CS5Efg2ct3oY9daQvd/Pc71FpGZsVsbl3Cpb+IIcjBDUnnyBdQbq4w=="
    }
  }
}
